{
  "requires": true,
  "lockfileVersion": 1,
  "dependencies": {
    "easyqrcodejs": {
      "version": "4.4.6",
      "resolved": "https://registry.npmjs.org/easyqrcodejs/-/easyqrcodejs-4.4.6.tgz",
      "integrity": "sha512-LP24ScT1io86Sv6Cp1rKLCDBmSRBbnqWsF32qfykWV3ojW6iVUN2paaiaUy5tjJ/dAw+YCJ/qkrfy7MrAihY/A=="
    }
  }
}
